# Generated by pub
# See https://dart.dev/tools/pub/glossary#lockfile
packages:
  extra_pedantic:
    dependency: "direct dev"
    description:
      path: extra_pedantic
      ref: null_safety
      resolved-ref: "9528205032a8aac54b2df26187a7feed53fcbe6d"
      url: "https://github.com/icnh/flutter_packages.git"
    source: git
    version: "1.1.0-nullsafety.0"
sdks:
  dart: ">=2.12.0-0 <3.0.0"
